// !$*UTF8*$!
{
	archiveVersion = 1;
	classes = {
	};
	objectVersion = 46;
	objects = {

/* Begin PBXBuildFile section */
		BA5496301EDFB86A005EDFED /* AppDelegate.swift in Sources */ = {isa = PBXBuildFile; fileRef = BA54962F1EDFB86A005EDFED /* AppDelegate.swift */; };
		BA5496321EDFB86A005EDFED /* ViewController.swift in Sources */ = {isa = PBXBuildFile; fileRef = BA5496311EDFB86A005EDFED /* ViewController.swift */; };
		BA5496351EDFB86A005EDFED /* Main.storyboard in Resources */ = {isa = PBXBuildFile; fileRef = BA5496331EDFB86A005EDFED /* Main.storyboard */; };
		BA5496371EDFB86A005EDFED /* Assets.xcassets in Resources */ = {isa = PBXBuildFile; fileRef = BA5496361EDFB86A005EDFED /* Assets.xcassets */; };
		BA54963A1EDFB86A005EDFED /* LaunchScreen.storyboard in Resources */ = {isa = PBXBuildFile; fileRef = BA5496381EDFB86A005EDFED /* LaunchScreen.storyboard */; };
/* End PBXBuildFile section */

/* Begin PBXFileReference section */
		BA54962C1EDFB86A005EDFED /* foodPOC1.app */ = {isa = PBXFileReference; explicitFileType = wrapper.application; includeInIndex = 0; path = foodPOC1.app; sourceTree = BUILT_PRODUCTS_DIR; };
		BA54962F1EDFB86A005EDFED /* AppDelegate.swift */ = {isa = PBXFileReference; lastKnownFileType = sourcecode.swift; path = AppDelegate.swift; sourceTree = "<group>"; };
		BA5496311EDFB86A005EDFED /* ViewController.swift */ = {isa = PBXFileReference; lastKnownFileType = sourcecode.swift; path = ViewController.swift; sourceTree = "<group>"; };
		BA5496341EDFB86A005EDFED /* Base */ = {isa = PBXFileReference; lastKnownFileType = file.storyboard; name = Base; path = Base.lproj/Main.storyboard; sourceTree = "<group>"; };
		BA5496361EDFB86A005EDFED /* Assets.xcassets */ = {isa = PBXFileReference; lastKnownFileType = folder.assetcatalog; path = Assets.xcassets; sourceTree = "<group>"; };
		BA5496391EDFB86A005EDFED /* Base */ = {isa = PBXFileReference; lastKnownFileType = file.storyboard; name = Base; path = Base.lproj/LaunchScreen.storyboard; sourceTree = "<group>"; };
		BA54963B1EDFB86A005EDFED /* Info.plist */ = {isa = PBXFileReference; lastKnownFileType = text.plist.xml; path = Info.plist; sourceTree = "<group>"; };
/* End PBXFileReference section */

/* Begin PBXFrameworksBuildPhase section */
		BA5496291EDFB86A005EDFED /* Frameworks */ = {
			isa = PBXFrameworksBuildPhase;
			buildActionMask = 2147483647;
			files = (
			);
			runOnlyForDeploymentPostprocessing = 0;
		};
/* End PBXFrameworksBuildPhase section */

/* Begin PBXGroup section */
		BA5496231EDFB86A005EDFED = {
			isa = PBXGroup;
			children = (
				BA54962E1EDFB86A005EDFED /* foodPOC1 */,
				BA54962D1EDFB86A005EDFED /* Products */,
			);
			sourceTree = "<group>";
		};
		BA54962D1EDFB86A005EDFED /* Products */ = {
			isa = PBXGroup;
			children = (
				BA54962C1EDFB86A005EDFED /* foodPOC1.app */,
			);
			name = Products;
			sourceTree = "<group>";
		};
		BA54962E1EDFB86A005EDFED /* foodPOC1 */ = {
			isa = PBXGroup;
			children = (
				BA54962F1EDFB86A005EDFED /* AppDelegate.swift */,
				BA5496311EDFB86A005EDFED /* ViewController.swift */,
				BA5496331EDFB86A005EDFED /* Main.storyboard */,
				BA5496361EDFB86A005EDFED /* Assets.xcassets */,
				BA5496381EDFB86A005EDFED /* LaunchScreen.storyboard */,
				BA54963B1EDFB86A005EDFED /* Info.plist */,
			);
			path = foodPOC1;
			sourceTree = "<group>";
		};
/* End PBXGroup section */

/* Begin PBXNativeTarget section */
		BA54962B1EDFB86A005EDFED /* foodPOC1 */ = {
			isa = PBXNativeTarget;
			buildConfigurationList = BA54963E1EDFB86A005EDFED /* Build configuration list for PBXNativeTarget "foodPOC1" */;
			buildPhases = (
				BA5496281EDFB86A005EDFED /* Sources */,
				BA5496291EDFB86A005EDFED /* Frameworks */,
				BA54962A1EDFB86A005EDFED /* Resources */,
			);
			buildRules = (
			);
			dependencies = (
			);
			name = foodPOC1;
			productName = foodPOC1;
			productReference = BA54962C1EDFB86A005EDFED /* foodPOC1.app */;
			productType = "com.apple.product-type.application";
		};
/* End PBXNativeTarget section */

/* Begin PBXProject section */
		BA5496241EDFB86A005EDFED /* Project object */ = {
			isa = PBXProject;
			attributes = {
				LastSwiftUpdateCheck = 0830;
				LastUpgradeCheck = 0830;
				ORGANIZATIONNAME = "Yeo Hwee Lin";
				TargetAttributes = {
					BA54962B1EDFB86A005EDFED = {
						CreatedOnToolsVersion = 8.3.2;
						ProvisioningStyle = Automatic;
					};
				};
			};
			buildConfigurationList = BA5496271EDFB86A005EDFED /* Build configuration list for PBXProject "foodPOC1" */;
			compatibilityVersion = "Xcode 3.2";
			developmentRegion = English;
			hasScannedForEncodings = 0;
			knownRegions = (
				en,
				Base,
			);
			mainGroup = BA5496231EDFB86A005EDFED;
			productRefGroup = BA54962D1EDFB86A005EDFED /* Products */;
			projectDirPath = "";
			projectRoot = "";
			targets = (
				BA54962B1EDFB86A005EDFED /* foodPOC1 */,
			);
		};
/* End PBXProject section */

/* Begin PBXResourcesBuildPhase section */
		BA54962A1EDFB86A005EDFED /* Resources */ = {
			isa = PBXResourcesBuildPhase;
			buildActionMask = 2147483647;
			files = (
				BA54963A1EDFB86A005EDFED /* LaunchScreen.storyboard in Resources */,
				BA5496371EDFB86A005EDFED /* Assets.xcassets in Resources */,
				BA5496351EDFB86A005EDFED /* Main.storyboard in Resources */,
			);
			runOnlyForDeploymentPostprocessing = 0;
		};
/* End PBXResourcesBuildPhase section */

/* Begin PBXSourcesBuildPhase section */
		BA5496281EDFB86A005EDFED /* Sources */ = {
			isa = PBXSourcesBuildPhase;
			buildActionMask = 2147483647;
			files = (
				BA5496321EDFB86A005EDFED /* ViewController.swift in Sources */,
				BA5496301EDFB86A005EDFED /* AppDelegate.swift in Sources */,
			);
			runOnlyForDeploymentPostprocessing = 0;
		};
/* End PBXSourcesBuildPhase section */

/* Begin PBXVariantGroup section */
		BA5496331EDFB86A005EDFED /* Main.storyboard */ = {
			isa = PBXVariantGroup;
			children = (
				BA5496341EDFB86A005EDFED /* Base */,
			);
			name = Main.storyboard;
			sourceTree = "<group>";
		};
		BA5496381EDFB86A005EDFED /* LaunchScreen.storyboard */ = {
			isa = PBXVariantGroup;
			children = (
				BA5496391EDFB86A005EDFED /* Base */,
			);
			name = LaunchScreen.storyboard;
			sourceTree = "<group>";
		};
/* End PBXVariantGroup section */

/* Begin XCBuildConfiguration section */
		BA54963C1EDFB86A005EDFED /* Debug */ = {
			isa = XCBuildConfiguration;
			buildSettings = {
				ALWAYS_SEARCH_USER_PATHS = NO;
				CLANG_ANALYZER_NONNULL = YES;
				CLANG_ANALYZER_NUMBER_OBJECT_CONVERSION = YES_AGGRESSIVE;
				CLANG_CXX_LANGUAGE_STANDARD = "gnu++0x";
				CLANG_CXX_LIBRARY = "libc++";
				CLANG_ENABLE_MODULES = YES;
				CLANG_ENABLE_OBJC_ARC = YES;
				CLANG_WARN_BOOL_CONVERSION = YES;
				CLANG_WARN_CONSTANT_CONVERSION = YES;
				CLANG_WARN_DIRECT_OBJC_ISA_USAGE = YES_ERROR;
				CLANG_WARN_DOCUMENTATION_COMMENTS = YES;
				CLANG_WARN_EMPTY_BODY = YES;
				CLANG_WARN_ENUM_CONVERSION = YES;
				CLANG_WARN_INFINITE_RECURSION = YES;
				CLANG_WARN_INT_CONVERSION = YES;
				CLANG_WARN_OBJC_ROOT_CLASS = YES_ERROR;
				CLANG_WARN_SUSPICIOUS_MOVE = YES;
				CLANG_WARN_UNREACHABLE_CODE = YES;
				CLANG_WARN__DUPLICATE_METHOD_MATCH = YES;
				"CODE_SIGN_IDENTITY[sdk=iphoneos*]" = "iPhone Developer";
				COPY_PHASE_STRIP = NO;
				DEBUG_INFORMATION_FORMAT = dwarf;
				ENABLE_STRICT_OBJC_MSGSEND = YES;
				ENABLE_TESTABILITY = YES;
				GCC_C_LANGUAGE_STANDARD = gnu99;
				GCC_DYNAMIC_NO_PIC = NO;
				GCC_NO_COMMON_BLOCKS = YES;
				GCC_OPTIMIZATION_LEVEL = 0;
				GCC_PREPROCESSOR_DEFINITIONS = (
					"DEBUG=1",
					"$(inherited)",
				);
				GCC_WARN_64_TO_32_BIT_CONVERSION = YES;
				GCC_WARN_ABOUT_RETURN_TYPE = YES_ERROR;
				GCC_WARN_UNDECLARED_SELECTOR = YES;
				GCC_WARN_UNINITIALIZED_AUTOS = YES_AGGRESSIVE;
				GCC_WARN_UNUSED_FUNCTION = YES;
				GCC_WARN_UNUSED_VARIABLE = YES;
				IPHONEOS_DEPLOYMENT_TARGET = 10.3;
				MTL_ENABLE_DEBUG_INFO = YES;
				ONLY_ACTIVE_ARCH = YES;
				SDKROOT = iphoneos;
				SWIFT_ACTIVE_COMPILATION_CONDITIONS = DEBUG;
				SWIFT_OPTIMIZATION_LEVEL = "-Onone";
				TARGETED_DEVICE_FAMILY = "1,2";
			};
			name = Debug;
		};
		BA54963D1EDFB86A005EDFED /* Release */ = {
			isa = XCBuildConfiguration;
			buildSettings = {
				ALWAYS_SEARCH_USER_PATHS = NO;
				CLANG_ANALYZER_NONNULL = YES;
				CLANG_ANALYZER_NUMBER_OBJECT_CONVERSION = YES_AGGRESSIVE;
				CLANG_CXX_LANGUAGE_STANDARD = "gnu++0x";
				CLANG_CXX_LIBRARY = "libc++";
				CLANG_ENABLE_MODULES = YES;
				CLANG_ENABLE_OBJC_ARC = YES;
				CLANG_WARN_BOOL_CONVERSION = YES;
				CLANG_WARN_CONSTANT_CONVERSION = YES;
				CLANG_WARN_DIRECT_OBJC_ISA_USAGE = YES_ERROR;
				CLANG_WARN_DOCUMENTATION_COMMENTS = YES;
				CLANG_WARN_EMPTY_BODY = YES;
				CLANG_WARN_ENUM_CONVERSION = YES;
				CLANG_WARN_INFINITE_RECURSION = YES;
				CLANG_WARN_INT_CONVERSION = YES;
				CLANG_WARN_OBJC_ROOT_CLASS = YES_ERROR;
				CLANG_WARN_SUSPICIOUS_MOVE = YES;
				CLANG_WARN_UNREACHABLE_CODE = YES;
				CLANG_WARN__DUPLICATE_METHOD_MATCH = YES;
				"CODE_SIGN_IDENTITY[sdk=iphoneos*]" = "iPhone Developer";
				COPY_PHASE_STRIP = NO;
				DEBUG_INFORMATION_FORMAT = "dwarf-with-dsym";
				ENABLE_NS_ASSERTIONS = NO;
				ENABLE_STRICT_OBJC_MSGSEND = YES;
				GCC_C_LANGUAGE_STANDARD = gnu99;
				GCC_NO_COMMON_BLOCKS = YES;
				GCC_WARN_64_TO_32_BIT_CONVERSION = YES;
				GCC_WARN_ABOUT_RETURN_TYPE = YES_ERROR;
				GCC_WARN_UNDECLARED_SELECTOR = YES;
				GCC_WARN_UNINITIALIZED_AUTOS = YES_AGGRESSIVE;
				GCC_WARN_UNUSED_FUNCTION = YES;
				GCC_WARN_UNUSED_VARIABLE = YES;
				IPHONEOS_DEPLOYMENT_TARGET = 10.3;
				MTL_ENABLE_DEBUG_INFO = NO;
				SDKROOT = iphoneos;
				SWIFT_OPTIMIZATION_LEVEL = "-Owholemodule";
				TARGETED_DEVICE_FAMILY = "1,2";
				VALIDATE_PRODUCT = YES;
			};
			name = Release;
		};
		BA54963F1EDFB86A005EDFED /* Debug */ = {
			isa = XCBuildConfiguration;
			buildSettings = {
				ASSETCATALOG_COMPILER_APPICON_NAME = AppIcon;
				INFOPLIST_FILE = foodPOC1/Info.plist;
				LD_RUNPATH_SEARCH_PATHS = "$(inherited) @executable_path/Frameworks";
				PRODUCT_BUNDLE_IDENTIFIER = "hweelin-yeo.foodPOC1";
				PRODUCT_NAME = "$(TARGET_NAME)";
				SWIFT_VERSION = 3.0;
			};
			name = Debug;
		};
		BA5496401EDFB86A005EDFED /* Release */ = {
			isa = XCBuildConfiguration;
			buildSettings = {
				ASSETCATALOG_COMPILER_APPICON_NAME = AppIcon;
				INFOPLIST_FILE = foodPOC1/Info.plist;
				LD_RUNPATH_SEARCH_PATHS = "$(inherited) @executable_path/Frameworks";
				PRODUCT_BUNDLE_IDENTIFIER = "hweelin-yeo.foodPOC1";
				PRODUCT_NAME = "$(TARGET_NAME)";
				SWIFT_VERSION = 3.0;
			};
			name = Release;
		};
/* End XCBuildConfiguration section */

/* Begin XCConfigurationList section */
		BA5496271EDFB86A005EDFED /* Build configuration list for PBXProject "foodPOC1" */ = {
			isa = XCConfigurationList;
			buildConfigurations = (
				BA54963C1EDFB86A005EDFED /* Debug */,
				BA54963D1EDFB86A005EDFED /* Release */,
			);
			defaultConfigurationIsVisible = 0;
			defaultConfigurationName = Release;
		};
		BA54963E1EDFB86A005EDFED /* Build configuration list for PBXNativeTarget "foodPOC1" */ = {
			isa = XCConfigurationList;
			buildConfigurations = (
				BA54963F1EDFB86A005EDFED /* Debug */,
				BA5496401EDFB86A005EDFED /* Release */,
			);
			defaultConfigurationIsVisible = 0;
		};
/* End XCConfigurationList section */
	};
	rootObject = BA5496241EDFB86A005EDFED /* Project object */;
}
